
Microsoft Visual Studio Solution File, Format Version 12.00
# Visual Studio Version 17
VisualStudioVersion = 17.8.34525.116
MinimumVisualStudioVersion = 10.0.40219.1
Project("{FAE04EC0-301F-11D3-BF4B-00C04F79EFBC}") = "szotar", "szotar\szotar.csproj", "{ABFF2DE7-26A7-43E1-BB89-18016929FE4F}"
EndProject
Global
	GlobalSection(SolutionConfigurationPlatforms) = preSolution
		Debug|Any CPU = Debug|Any CPU
		Release|Any CPU = Release|Any CPU
	EndGlobalSection
	GlobalSection(ProjectConfigurationPlatforms) = postSolution
		{ABFF2DE7-26A7-43E1-BB89-18016929FE4F}.Debug|Any CPU.ActiveCfg = Debug|Any CPU
		{ABFF2DE7-26A7-43E1-BB89-18016929FE4F}.Debug|Any CPU.Build.0 = Debug|Any CPU
		{ABFF2DE7-26A7-43E1-BB89-18016929FE4F}.Release|Any CPU.ActiveCfg = Release|Any CPU
		{ABFF2DE7-26A7-43E1-BB89-18016929FE4F}.Release|Any CPU.Build.0 = Release|Any CPU
	EndGlobalSection
	GlobalSection(SolutionProperties) = preSolution
		HideSolutionNode = FALSE
	EndGlobalSection
	GlobalSection(ExtensibilityGlobals) = postSolution
		SolutionGuid = {E13CF9B7-E513-4101-9C72-B7ABA34AB059}
	EndGlobalSection
EndGlobal
